{
  "name": "dnd-general",
  "version": "1.0.0",
  "lockfileVersion": 1,
  "requires": true,
  "dependencies": {
    "rpg-dice-roller": {
      "version": "2.0.0",
      "resolved": "https://registry.npmjs.org/rpg-dice-roller/-/rpg-dice-roller-2.0.0.tgz",
      "integrity": "sha512-Hb8706/9s/ZbRleFRdvcKc3cNEHM/EzhoweazBGlRymCNJAidbgUe/EYDdDHySRyTODCd7UyWZpZEvM6XE2/xg=="
    }
  }
}
